
Microsoft Visual Studio Solution File, Format Version 12.00
# Visual Studio Version 16
VisualStudioVersion = 16.0.30517.126
MinimumVisualStudioVersion = 10.0.40219.1
Project("{FAE04EC0-301F-11D3-BF4B-00C04F79EFBC}") = "DBLibrary", "DBLibrary\DBLibrary.csproj", "{DA1167B8-DC9C-48C0-9FE6-3A20B242DD99}"
EndProject
Global
	GlobalSection(SolutionConfigurationPlatforms) = preSolution
		Debug|Any CPU = Debug|Any CPU
		Release|Any CPU = Release|Any CPU
	EndGlobalSection
	GlobalSection(ProjectConfigurationPlatforms) = postSolution
		{DA1167B8-DC9C-48C0-9FE6-3A20B242DD99}.Debug|Any CPU.ActiveCfg = Debug|Any CPU
		{DA1167B8-DC9C-48C0-9FE6-3A20B242DD99}.Debug|Any CPU.Build.0 = Debug|Any CPU
		{DA1167B8-DC9C-48C0-9FE6-3A20B242DD99}.Release|Any CPU.ActiveCfg = Release|Any CPU
		{DA1167B8-DC9C-48C0-9FE6-3A20B242DD99}.Release|Any CPU.Build.0 = Release|Any CPU
	EndGlobalSection
	GlobalSection(SolutionProperties) = preSolution
		HideSolutionNode = FALSE
	EndGlobalSection
	GlobalSection(ExtensibilityGlobals) = postSolution
		SolutionGuid = {F37A3518-F65C-4356-B7C9-2D2BC13DCD2F}
	EndGlobalSection
EndGlobal
